
Microsoft Visual Studio Solution File, Format Version 12.00
# Visual Studio Version 16
VisualStudioVersion = 16.0.30717.126
MinimumVisualStudioVersion = 10.0.40219.1
Project("{FAE04EC0-301F-11D3-BF4B-00C04F79EFBC}") = "Ams", "Ams.csproj", "{75001AD5-091D-4A9F-A35E-D47F85F8FFBA}"
EndProject
Global
	GlobalSection(SolutionConfigurationPlatforms) = preSolution
		Debug|Any CPU = Debug|Any CPU
		Release|Any CPU = Release|Any CPU
	EndGlobalSection
	GlobalSection(ProjectConfigurationPlatforms) = postSolution
		{75001AD5-091D-4A9F-A35E-D47F85F8FFBA}.Debug|Any CPU.ActiveCfg = Debug|Any CPU
		{75001AD5-091D-4A9F-A35E-D47F85F8FFBA}.Debug|Any CPU.Build.0 = Debug|Any CPU
		{75001AD5-091D-4A9F-A35E-D47F85F8FFBA}.Release|Any CPU.ActiveCfg = Release|Any CPU
		{75001AD5-091D-4A9F-A35E-D47F85F8FFBA}.Release|Any CPU.Build.0 = Release|Any CPU
	EndGlobalSection
	GlobalSection(SolutionProperties) = preSolution
		HideSolutionNode = FALSE
	EndGlobalSection
	GlobalSection(ExtensibilityGlobals) = postSolution
		SolutionGuid = {ABE58D94-2719-4AD9-A191-372787618A6D}
	EndGlobalSection
EndGlobal
